
Microsoft Visual Studio Solution File, Format Version 12.00
# Visual Studio 15
VisualStudioVersion = 15.0.27004.2002
MinimumVisualStudioVersion = 10.0.40219.1
Project("{FAE04EC0-301F-11D3-BF4B-00C04F79EFBC}") = "WorkingDays", "WorkingDays\WorkingDays.csproj", "{2A216349-DF3F-46CE-9941-BDBD27A8D605}"
EndProject
Project("{FAE04EC0-301F-11D3-BF4B-00C04F79EFBC}") = "CirclesIntersection", "CirclesIntersection\CirclesIntersection.csproj", "{4E5C68BB-0D7F-435A-9DD0-37517D6B2F30}"
EndProject
Project("{FAE04EC0-301F-11D3-BF4B-00C04F79EFBC}") = "AverageGrades", "AverageGrades\AverageGrades.csproj", "{893079DA-D5AC-4CCF-96CD-171B361DC738}"
EndProject
Project("{FAE04EC0-301F-11D3-BF4B-00C04F79EFBC}") = "BookLibrary", "BookLibrary\BookLibrary.csproj", "{B4BE75ED-6636-4C18-99A6-58420FAA7180}"
EndProject
Project("{FAE04EC0-301F-11D3-BF4B-00C04F79EFBC}") = "BookLibraryModification", "BookLibraryModification\BookLibraryModification.csproj", "{3FFC8C6E-BFAF-401F-A46E-69F90A1B6F48}"
EndProject
Global
	GlobalSection(SolutionConfigurationPlatforms) = preSolution
		Debug|Any CPU = Debug|Any CPU
		Release|Any CPU = Release|Any CPU
	EndGlobalSection
	GlobalSection(ProjectConfigurationPlatforms) = postSolution
		{2A216349-DF3F-46CE-9941-BDBD27A8D605}.Debug|Any CPU.ActiveCfg = Debug|Any CPU
		{2A216349-DF3F-46CE-9941-BDBD27A8D605}.Debug|Any CPU.Build.0 = Debug|Any CPU
		{2A216349-DF3F-46CE-9941-BDBD27A8D605}.Release|Any CPU.ActiveCfg = Release|Any CPU
		{2A216349-DF3F-46CE-9941-BDBD27A8D605}.Release|Any CPU.Build.0 = Release|Any CPU
		{4E5C68BB-0D7F-435A-9DD0-37517D6B2F30}.Debug|Any CPU.ActiveCfg = Debug|Any CPU
		{4E5C68BB-0D7F-435A-9DD0-37517D6B2F30}.Debug|Any CPU.Build.0 = Debug|Any CPU
		{4E5C68BB-0D7F-435A-9DD0-37517D6B2F30}.Release|Any CPU.ActiveCfg = Release|Any CPU
		{4E5C68BB-0D7F-435A-9DD0-37517D6B2F30}.Release|Any CPU.Build.0 = Release|Any CPU
		{893079DA-D5AC-4CCF-96CD-171B361DC738}.Debug|Any CPU.ActiveCfg = Debug|Any CPU
		{893079DA-D5AC-4CCF-96CD-171B361DC738}.Debug|Any CPU.Build.0 = Debug|Any CPU
		{893079DA-D5AC-4CCF-96CD-171B361DC738}.Release|Any CPU.ActiveCfg = Release|Any CPU
		{893079DA-D5AC-4CCF-96CD-171B361DC738}.Release|Any CPU.Build.0 = Release|Any CPU
		{B4BE75ED-6636-4C18-99A6-58420FAA7180}.Debug|Any CPU.ActiveCfg = Debug|Any CPU
		{B4BE75ED-6636-4C18-99A6-58420FAA7180}.Debug|Any CPU.Build.0 = Debug|Any CPU
		{B4BE75ED-6636-4C18-99A6-58420FAA7180}.Release|Any CPU.ActiveCfg = Release|Any CPU
		{B4BE75ED-6636-4C18-99A6-58420FAA7180}.Release|Any CPU.Build.0 = Release|Any CPU
		{3FFC8C6E-BFAF-401F-A46E-69F90A1B6F48}.Debug|Any CPU.ActiveCfg = Debug|Any CPU
		{3FFC8C6E-BFAF-401F-A46E-69F90A1B6F48}.Debug|Any CPU.Build.0 = Debug|Any CPU
		{3FFC8C6E-BFAF-401F-A46E-69F90A1B6F48}.Release|Any CPU.ActiveCfg = Release|Any CPU
		{3FFC8C6E-BFAF-401F-A46E-69F90A1B6F48}.Release|Any CPU.Build.0 = Release|Any CPU
	EndGlobalSection
	GlobalSection(SolutionProperties) = preSolution
		HideSolutionNode = FALSE
	EndGlobalSection
	GlobalSection(ExtensibilityGlobals) = postSolution
		SolutionGuid = {96D3C2CE-EFBD-4821-9355-875226AA5391}
	EndGlobalSection
EndGlobal
