
Microsoft Visual Studio Solution File, Format Version 12.00
# Visual Studio 15
VisualStudioVersion = 15.0.27004.2002
MinimumVisualStudioVersion = 10.0.40219.1
Project("{FAE04EC0-301F-11D3-BF4B-00C04F79EFBC}") = "MaxSeuquenceWithLists", "MaxSeuquenceWithLists\MaxSeuquenceWithLists.csproj", "{CC1B5DE3-B896-47BC-B30B-E3BD23A97C6E}"
EndProject
Project("{FAE04EC0-301F-11D3-BF4B-00C04F79EFBC}") = "ChangeList", "ChangeList\ChangeList.csproj", "{E18AB29C-6986-4818-B7D2-F5ED5C976A69}"
EndProject
Project("{FAE04EC0-301F-11D3-BF4B-00C04F79EFBC}") = "SearchForANumber", "SearchForANumber\SearchForANumber.csproj", "{01E004CF-890D-4CE8-9CF8-F0397019C11A}"
EndProject
Project("{FAE04EC0-301F-11D3-BF4B-00C04F79EFBC}") = "SumOfReversedNumbers", "SumOfReversedNumbers\SumOfReversedNumbers.csproj", "{9FCA43DF-365B-47EA-B277-8772C9ABB267}"
EndProject
Project("{FAE04EC0-301F-11D3-BF4B-00C04F79EFBC}") = "BombNumbers", "BombNumbers\BombNumbers.csproj", "{CD259B5A-463E-4C05-953A-19EE9267BDAA}"
EndProject
Project("{FAE04EC0-301F-11D3-BF4B-00C04F79EFBC}") = "ArrayManipulator", "ArrayManipulator\ArrayManipulator.csproj", "{36C9A8A5-E536-428B-A642-51EE1C5351B6}"
EndProject
Project("{FAE04EC0-301F-11D3-BF4B-00C04F79EFBC}") = "LongestIncreasingSequence", "LongestIncreasingSequence\LongestIncreasingSequence.csproj", "{EE8A1786-94DE-483C-BB42-497C2B6C10DA}"
EndProject
Global
	GlobalSection(SolutionConfigurationPlatforms) = preSolution
		Debug|Any CPU = Debug|Any CPU
		Release|Any CPU = Release|Any CPU
	EndGlobalSection
	GlobalSection(ProjectConfigurationPlatforms) = postSolution
		{CC1B5DE3-B896-47BC-B30B-E3BD23A97C6E}.Debug|Any CPU.ActiveCfg = Debug|Any CPU
		{CC1B5DE3-B896-47BC-B30B-E3BD23A97C6E}.Debug|Any CPU.Build.0 = Debug|Any CPU
		{CC1B5DE3-B896-47BC-B30B-E3BD23A97C6E}.Release|Any CPU.ActiveCfg = Release|Any CPU
		{CC1B5DE3-B896-47BC-B30B-E3BD23A97C6E}.Release|Any CPU.Build.0 = Release|Any CPU
		{E18AB29C-6986-4818-B7D2-F5ED5C976A69}.Debug|Any CPU.ActiveCfg = Debug|Any CPU
		{E18AB29C-6986-4818-B7D2-F5ED5C976A69}.Debug|Any CPU.Build.0 = Debug|Any CPU
		{E18AB29C-6986-4818-B7D2-F5ED5C976A69}.Release|Any CPU.ActiveCfg = Release|Any CPU
		{E18AB29C-6986-4818-B7D2-F5ED5C976A69}.Release|Any CPU.Build.0 = Release|Any CPU
		{01E004CF-890D-4CE8-9CF8-F0397019C11A}.Debug|Any CPU.ActiveCfg = Debug|Any CPU
		{01E004CF-890D-4CE8-9CF8-F0397019C11A}.Debug|Any CPU.Build.0 = Debug|Any CPU
		{01E004CF-890D-4CE8-9CF8-F0397019C11A}.Release|Any CPU.ActiveCfg = Release|Any CPU
		{01E004CF-890D-4CE8-9CF8-F0397019C11A}.Release|Any CPU.Build.0 = Release|Any CPU
		{9FCA43DF-365B-47EA-B277-8772C9ABB267}.Debug|Any CPU.ActiveCfg = Debug|Any CPU
		{9FCA43DF-365B-47EA-B277-8772C9ABB267}.Debug|Any CPU.Build.0 = Debug|Any CPU
		{9FCA43DF-365B-47EA-B277-8772C9ABB267}.Release|Any CPU.ActiveCfg = Release|Any CPU
		{9FCA43DF-365B-47EA-B277-8772C9ABB267}.Release|Any CPU.Build.0 = Release|Any CPU
		{CD259B5A-463E-4C05-953A-19EE9267BDAA}.Debug|Any CPU.ActiveCfg = Debug|Any CPU
		{CD259B5A-463E-4C05-953A-19EE9267BDAA}.Debug|Any CPU.Build.0 = Debug|Any CPU
		{CD259B5A-463E-4C05-953A-19EE9267BDAA}.Release|Any CPU.ActiveCfg = Release|Any CPU
		{CD259B5A-463E-4C05-953A-19EE9267BDAA}.Release|Any CPU.Build.0 = Release|Any CPU
		{36C9A8A5-E536-428B-A642-51EE1C5351B6}.Debug|Any CPU.ActiveCfg = Debug|Any CPU
		{36C9A8A5-E536-428B-A642-51EE1C5351B6}.Debug|Any CPU.Build.0 = Debug|Any CPU
		{36C9A8A5-E536-428B-A642-51EE1C5351B6}.Release|Any CPU.ActiveCfg = Release|Any CPU
		{36C9A8A5-E536-428B-A642-51EE1C5351B6}.Release|Any CPU.Build.0 = Release|Any CPU
		{EE8A1786-94DE-483C-BB42-497C2B6C10DA}.Debug|Any CPU.ActiveCfg = Debug|Any CPU
		{EE8A1786-94DE-483C-BB42-497C2B6C10DA}.Debug|Any CPU.Build.0 = Debug|Any CPU
		{EE8A1786-94DE-483C-BB42-497C2B6C10DA}.Release|Any CPU.ActiveCfg = Release|Any CPU
		{EE8A1786-94DE-483C-BB42-497C2B6C10DA}.Release|Any CPU.Build.0 = Release|Any CPU
	EndGlobalSection
	GlobalSection(SolutionProperties) = preSolution
		HideSolutionNode = FALSE
	EndGlobalSection
	GlobalSection(ExtensibilityGlobals) = postSolution
		SolutionGuid = {5DB4016B-9E74-44F0-8C59-08738097A079}
	EndGlobalSection
EndGlobal
