
Microsoft Visual Studio Solution File, Format Version 12.00
# Visual Studio 15
VisualStudioVersion = 15.0.26730.16
MinimumVisualStudioVersion = 10.0.40219.1
Project("{FAE04EC0-301F-11D3-BF4B-00C04F79EFBC}") = "LargestCommonEnd", "ArraysExercises\LargestCommonEnd.csproj", "{7A179BBD-7299-41CD-9BA9-9D3BAA678B66}"
EndProject
Project("{FAE04EC0-301F-11D3-BF4B-00C04F79EFBC}") = "RotateAndSum", "RotateAndSum\RotateAndSum.csproj", "{3A5F7789-0B37-4C70-8666-8F947D27401B}"
EndProject
Global
	GlobalSection(SolutionConfigurationPlatforms) = preSolution
		Debug|Any CPU = Debug|Any CPU
		Release|Any CPU = Release|Any CPU
	EndGlobalSection
	GlobalSection(ProjectConfigurationPlatforms) = postSolution
		{7A179BBD-7299-41CD-9BA9-9D3BAA678B66}.Debug|Any CPU.ActiveCfg = Debug|Any CPU
		{7A179BBD-7299-41CD-9BA9-9D3BAA678B66}.Debug|Any CPU.Build.0 = Debug|Any CPU
		{7A179BBD-7299-41CD-9BA9-9D3BAA678B66}.Release|Any CPU.ActiveCfg = Release|Any CPU
		{7A179BBD-7299-41CD-9BA9-9D3BAA678B66}.Release|Any CPU.Build.0 = Release|Any CPU
		{3A5F7789-0B37-4C70-8666-8F947D27401B}.Debug|Any CPU.ActiveCfg = Debug|Any CPU
		{3A5F7789-0B37-4C70-8666-8F947D27401B}.Debug|Any CPU.Build.0 = Debug|Any CPU
		{3A5F7789-0B37-4C70-8666-8F947D27401B}.Release|Any CPU.ActiveCfg = Release|Any CPU
		{3A5F7789-0B37-4C70-8666-8F947D27401B}.Release|Any CPU.Build.0 = Release|Any CPU
	EndGlobalSection
	GlobalSection(SolutionProperties) = preSolution
		HideSolutionNode = FALSE
	EndGlobalSection
	GlobalSection(ExtensibilityGlobals) = postSolution
		SolutionGuid = {76DB2827-42FD-41C4-9782-A71742A338B5}
	EndGlobalSection
EndGlobal
