
Microsoft Visual Studio Solution File, Format Version 12.00
# Visual Studio 15
VisualStudioVersion = 15.0.27004.2002
MinimumVisualStudioVersion = 10.0.40219.1
Project("{FAE04EC0-301F-11D3-BF4B-00C04F79EFBC}") = "LargestCommonEnd", "ArraysExercises\LargestCommonEnd.csproj", "{7A179BBD-7299-41CD-9BA9-9D3BAA678B66}"
EndProject
Project("{FAE04EC0-301F-11D3-BF4B-00C04F79EFBC}") = "RotateAndSum", "RotateAndSum\RotateAndSum.csproj", "{3A5F7789-0B37-4C70-8666-8F947D27401B}"
EndProject
Project("{FAE04EC0-301F-11D3-BF4B-00C04F79EFBC}") = "FoldAndSum", "FoldAndSum\FoldAndSum.csproj", "{EBA5073F-D2CE-4193-AE51-AFEE6DBA008F}"
EndProject
Project("{FAE04EC0-301F-11D3-BF4B-00C04F79EFBC}") = "SieveOfEritostenes", "SieveOfEritostenes\SieveOfEritostenes.csproj", "{8E8956D3-A99E-4013-9484-E0DD1AF7842C}"
EndProject
Project("{FAE04EC0-301F-11D3-BF4B-00C04F79EFBC}") = "MaxSequenceOfEqualElements", "MaxSequenceOfEqualElements\MaxSequenceOfEqualElements.csproj", "{D4716B53-46D1-4789-9072-03E712A94404}"
EndProject
Project("{FAE04EC0-301F-11D3-BF4B-00C04F79EFBC}") = "MaxSequenceOfIncreasingElements", "MaxSequenceOfIncreasingElements\MaxSequenceOfIncreasingElements.csproj", "{CA6A9842-766B-46A2-9C94-9EC440AE12EE}"
EndProject
Project("{FAE04EC0-301F-11D3-BF4B-00C04F79EFBC}") = "MostFrequentNumber", "MostFrequentNumber\MostFrequentNumber.csproj", "{9AAB28D2-C0E4-485E-91EF-2E18D8119DF2}"
EndProject
Project("{FAE04EC0-301F-11D3-BF4B-00C04F79EFBC}") = "IndexLetters", "IndexLetters\IndexLetters.csproj", "{A45418F4-92C8-4CA5-BF85-4EC2D4020E96}"
EndProject
Global
	GlobalSection(SolutionConfigurationPlatforms) = preSolution
		Debug|Any CPU = Debug|Any CPU
		Release|Any CPU = Release|Any CPU
	EndGlobalSection
	GlobalSection(ProjectConfigurationPlatforms) = postSolution
		{7A179BBD-7299-41CD-9BA9-9D3BAA678B66}.Debug|Any CPU.ActiveCfg = Debug|Any CPU
		{7A179BBD-7299-41CD-9BA9-9D3BAA678B66}.Debug|Any CPU.Build.0 = Debug|Any CPU
		{7A179BBD-7299-41CD-9BA9-9D3BAA678B66}.Release|Any CPU.ActiveCfg = Release|Any CPU
		{7A179BBD-7299-41CD-9BA9-9D3BAA678B66}.Release|Any CPU.Build.0 = Release|Any CPU
		{3A5F7789-0B37-4C70-8666-8F947D27401B}.Debug|Any CPU.ActiveCfg = Debug|Any CPU
		{3A5F7789-0B37-4C70-8666-8F947D27401B}.Debug|Any CPU.Build.0 = Debug|Any CPU
		{3A5F7789-0B37-4C70-8666-8F947D27401B}.Release|Any CPU.ActiveCfg = Release|Any CPU
		{3A5F7789-0B37-4C70-8666-8F947D27401B}.Release|Any CPU.Build.0 = Release|Any CPU
		{EBA5073F-D2CE-4193-AE51-AFEE6DBA008F}.Debug|Any CPU.ActiveCfg = Debug|Any CPU
		{EBA5073F-D2CE-4193-AE51-AFEE6DBA008F}.Debug|Any CPU.Build.0 = Debug|Any CPU
		{EBA5073F-D2CE-4193-AE51-AFEE6DBA008F}.Release|Any CPU.ActiveCfg = Release|Any CPU
		{EBA5073F-D2CE-4193-AE51-AFEE6DBA008F}.Release|Any CPU.Build.0 = Release|Any CPU
		{8E8956D3-A99E-4013-9484-E0DD1AF7842C}.Debug|Any CPU.ActiveCfg = Debug|Any CPU
		{8E8956D3-A99E-4013-9484-E0DD1AF7842C}.Debug|Any CPU.Build.0 = Debug|Any CPU
		{8E8956D3-A99E-4013-9484-E0DD1AF7842C}.Release|Any CPU.ActiveCfg = Release|Any CPU
		{8E8956D3-A99E-4013-9484-E0DD1AF7842C}.Release|Any CPU.Build.0 = Release|Any CPU
		{D4716B53-46D1-4789-9072-03E712A94404}.Debug|Any CPU.ActiveCfg = Debug|Any CPU
		{D4716B53-46D1-4789-9072-03E712A94404}.Debug|Any CPU.Build.0 = Debug|Any CPU
		{D4716B53-46D1-4789-9072-03E712A94404}.Release|Any CPU.ActiveCfg = Release|Any CPU
		{D4716B53-46D1-4789-9072-03E712A94404}.Release|Any CPU.Build.0 = Release|Any CPU
		{CA6A9842-766B-46A2-9C94-9EC440AE12EE}.Debug|Any CPU.ActiveCfg = Debug|Any CPU
		{CA6A9842-766B-46A2-9C94-9EC440AE12EE}.Debug|Any CPU.Build.0 = Debug|Any CPU
		{CA6A9842-766B-46A2-9C94-9EC440AE12EE}.Release|Any CPU.ActiveCfg = Release|Any CPU
		{CA6A9842-766B-46A2-9C94-9EC440AE12EE}.Release|Any CPU.Build.0 = Release|Any CPU
		{9AAB28D2-C0E4-485E-91EF-2E18D8119DF2}.Debug|Any CPU.ActiveCfg = Debug|Any CPU
		{9AAB28D2-C0E4-485E-91EF-2E18D8119DF2}.Debug|Any CPU.Build.0 = Debug|Any CPU
		{9AAB28D2-C0E4-485E-91EF-2E18D8119DF2}.Release|Any CPU.ActiveCfg = Release|Any CPU
		{9AAB28D2-C0E4-485E-91EF-2E18D8119DF2}.Release|Any CPU.Build.0 = Release|Any CPU
		{A45418F4-92C8-4CA5-BF85-4EC2D4020E96}.Debug|Any CPU.ActiveCfg = Debug|Any CPU
		{A45418F4-92C8-4CA5-BF85-4EC2D4020E96}.Debug|Any CPU.Build.0 = Debug|Any CPU
		{A45418F4-92C8-4CA5-BF85-4EC2D4020E96}.Release|Any CPU.ActiveCfg = Release|Any CPU
		{A45418F4-92C8-4CA5-BF85-4EC2D4020E96}.Release|Any CPU.Build.0 = Release|Any CPU
	EndGlobalSection
	GlobalSection(SolutionProperties) = preSolution
		HideSolutionNode = FALSE
	EndGlobalSection
	GlobalSection(ExtensibilityGlobals) = postSolution
		SolutionGuid = {76DB2827-42FD-41C4-9782-A71742A338B5}
	EndGlobalSection
EndGlobal
